# Generated by pub
# See http://pub.dartlang.org/doc/glossary.html#lockfile
packages:
  args:
    description: args
    source: hosted
    version: "0.6.14"
  browser:
    description: browser
    source: hosted
    version: "0.6.14"
  crypto:
    description: crypto
    source: hosted
    version: "0.6.14"
  logging:
    description: logging
    source: hosted
    version: "0.6.14"
  meta:
    description: meta
    source: hosted
    version: "0.6.14"
  options_file:
    description: options_file
    source: hosted
    version: "0.9.14"
  path:
    description: path
    source: hosted
    version: "0.6.14"
  rikulo_commons:
    description: rikulo_commons
    source: hosted
    version: "0.8.0"
  sqljocky:
    description: sqljocky
    source: hosted
    version: "0.5.6"
  stack_trace:
    description: stack_trace
    source: hosted
    version: "0.6.14"
  stream:
    description: stream
    source: hosted
    version: "0.8.1"
  unittest:
    description: unittest
    source: hosted
    version: "0.6.14+2"
  unmodifiable_collection:
    description: unmodifiable_collection
    source: hosted
    version: "0.6.14"
